{
  "name": "dot2mermaid",
  "version": "0.0.1",
  "lockfileVersion": 2,
  "requires": true,
  "packages": {
    "": {
      "name": "dot2mermaid",
      "version": "0.0.1",
      "license": "MIT",
      "dependencies": {
        "handlebars": "^4.7.7",
        "vis-network": "^9.1.2"
      },
      "bin": {
        "dot2mermaid": "bin/inspect.js"
      },
      "devDependencies": {
        "babel-root-import": "^4.1.8",
        "typescript": "^4.6.3"
      }
    },
    "node_modules/@egjs/hammerjs": {
      "version": "2.0.17",
      "resolved": "https://registry.npmjs.org/@egjs/hammerjs/-/hammerjs-2.0.17.tgz",
      "integrity": "sha512-XQsZgjm2EcVUiZQf11UBJQfmZeEmOW8DpI1gsFeln6w0ae0ii4dMQEQ0kjl6DspdWX1aGY1/loyXnP0JS06e/A==",
      "peer": true,
      "dependencies": {
        "@types/hammerjs": "^2.0.36"
      },
      "engines": {
        "node": ">=0.8.0"
      }
    },
    "node_modules/@types/hammerjs": {
      "version": "2.0.41",
      "resolved": "https://registry.npmjs.org/@types/hammerjs/-/hammerjs-2.0.41.tgz",
      "integrity": "sha512-ewXv/ceBaJprikMcxCmWU1FKyMAQ2X7a9Gtmzw8fcg2kIePI1crERDM818W+XYrxqdBBOdlf2rm137bU+BltCA==",
      "peer": true
    },
    "node_modules/babel-root-import": {
      "version": "4.1.8",
      "resolved": "https://registry.npmjs.org/babel-root-import/-/babel-root-import-4.1.8.tgz",
      "integrity": "sha1-E1u4OYbVfW91upt3crMWM+Ivvaw=",
      "dev": true,
      "dependencies": {
        "slash": "^1.0.0"
      }
    },
    "node_modules/component-emitter": {
      "version": "1.3.0",
      "resolved": "https://registry.npmjs.org/component-emitter/-/component-emitter-1.3.0.tgz",
      "integrity": "sha512-Rd3se6QB+sO1TwqZjscQrurpEPIfO0/yYnSin6Q/rD3mOutHvUrCAhJub3r90uNb+SESBuE0QYoB90YdfatsRg==",
      "peer": true
    },
    "node_modules/handlebars": {
      "version": "4.7.7",
      "resolved": "https://registry.npmjs.org/handlebars/-/handlebars-4.7.7.tgz",
      "integrity": "sha512-aAcXm5OAfE/8IXkcZvCepKU3VzW1/39Fb5ZuqMtgI/hT8X2YgoMvBY5dLhq/cpOvw7Lk1nK/UF71aLG/ZnVYRA==",
      "dependencies": {
        "minimist": "^1.2.5",
        "neo-async": "^2.6.0",
        "source-map": "^0.6.1",
        "wordwrap": "^1.0.0"
      },
      "bin": {
        "handlebars": "bin/handlebars"
      },
      "engines": {
        "node": ">=0.4.7"
      },
      "optionalDependencies": {
        "uglify-js": "^3.1.4"
      }
    },
    "node_modules/keycharm": {
      "version": "0.4.0",
      "resolved": "https://registry.npmjs.org/keycharm/-/keycharm-0.4.0.tgz",
      "integrity": "sha512-TyQTtsabOVv3MeOpR92sIKk/br9wxS+zGj4BG7CR8YbK4jM3tyIBaF0zhzeBUMx36/Q/iQLOKKOT+3jOQtemRQ==",
      "peer": true
    },
    "node_modules/minimist": {
      "version": "1.2.6",
      "resolved": "https://registry.npmjs.org/minimist/-/minimist-1.2.6.tgz",
      "integrity": "sha512-Jsjnk4bw3YJqYzbdyBiNsPWHPfO++UGG749Cxs6peCu5Xg4nrena6OVxOYxrQTqww0Jmwt+Ref8rggumkTLz9Q=="
    },
    "node_modules/neo-async": {
      "version": "2.6.2",
      "resolved": "https://registry.npmjs.org/neo-async/-/neo-async-2.6.2.tgz",
      "integrity": "sha512-Yd3UES5mWCSqR+qNT93S3UoYUkqAZ9lLg8a7g9rimsWmYGK8cVToA4/sF3RrshdyV3sAGMXVUmpMYOw+dLpOuw=="
    },
    "node_modules/slash": {
      "version": "1.0.0",
      "resolved": "https://registry.npmjs.org/slash/-/slash-1.0.0.tgz",
      "integrity": "sha1-xB8vbDn8FtHNF61LXYlhFK5HDVU=",
      "dev": true,
      "engines": {
        "node": ">=0.10.0"
      }
    },
    "node_modules/source-map": {
      "version": "0.6.1",
      "resolved": "https://registry.npmjs.org/source-map/-/source-map-0.6.1.tgz",
      "integrity": "sha512-UjgapumWlbMhkBgzT7Ykc5YXUT46F0iKu8SGXq0bcwP5dz/h0Plj6enJqjz1Zbq2l5WaqYnrVbwWOWMyF3F47g==",
      "engines": {
        "node": ">=0.10.0"
      }
    },
    "node_modules/timsort": {
      "version": "0.3.0",
      "resolved": "https://registry.npmjs.org/timsort/-/timsort-0.3.0.tgz",
      "integrity": "sha1-QFQRqOfmM5/mTbmiNN4R3DHgK9Q=",
      "peer": true
    },
    "node_modules/typescript": {
      "version": "4.6.3",
      "resolved": "https://registry.npmjs.org/typescript/-/typescript-4.6.3.tgz",
      "integrity": "sha512-yNIatDa5iaofVozS/uQJEl3JRWLKKGJKh6Yaiv0GLGSuhpFJe7P3SbHZ8/yjAHRQwKRoA6YZqlfjXWmVzoVSMw==",
      "dev": true,
      "bin": {
        "tsc": "bin/tsc",
        "tsserver": "bin/tsserver"
      },
      "engines": {
        "node": ">=4.2.0"
      }
    },
    "node_modules/uglify-js": {
      "version": "3.15.4",
      "resolved": "https://registry.npmjs.org/uglify-js/-/uglify-js-3.15.4.tgz",
      "integrity": "sha512-vMOPGDuvXecPs34V74qDKk4iJ/SN4vL3Ow/23ixafENYvtrNvtbcgUeugTcUGRGsOF/5fU8/NYSL5Hyb3l1OJA==",
      "optional": true,
      "bin": {
        "uglifyjs": "bin/uglifyjs"
      },
      "engines": {
        "node": ">=0.8.0"
      }
    },
    "node_modules/uuid": {
      "version": "8.3.2",
      "resolved": "https://registry.npmjs.org/uuid/-/uuid-8.3.2.tgz",
      "integrity": "sha512-+NYs2QeMWy+GWFOEm9xnn6HCDp0l7QBD7ml8zLUmJ+93Q5NF0NocErnwkTkXVFNiX3/fpC6afS8Dhb/gz7R7eg==",
      "peer": true,
      "bin": {
        "uuid": "dist/bin/uuid"
      }
    },
    "node_modules/vis-data": {
      "version": "7.1.4",
      "resolved": "https://registry.npmjs.org/vis-data/-/vis-data-7.1.4.tgz",
      "integrity": "sha512-usy+ePX1XnArNvJ5BavQod7YRuGQE1pjFl+pu7IS6rCom2EBoG0o1ZzCqf3l5US6MW51kYkLR+efxRbnjxNl7w==",
      "hasInstallScript": true,
      "peer": true,
      "funding": {
        "type": "opencollective",
        "url": "https://opencollective.com/visjs"
      },
      "peerDependencies": {
        "uuid": "^7.0.0 || ^8.0.0",
        "vis-util": "^4.0.0 || ^5.0.0"
      }
    },
    "node_modules/vis-network": {
      "version": "9.1.2",
      "resolved": "https://registry.npmjs.org/vis-network/-/vis-network-9.1.2.tgz",
      "integrity": "sha512-BdapguKg7sk3NvdZaDsM7T6rNhOBFz0/F4ZScxctK4klRzQPLQPTEcmbioXaZhMkkgWymzBR3lFCxL1q+eYyAw==",
      "hasInstallScript": true,
      "funding": {
        "type": "opencollective",
        "url": "https://opencollective.com/visjs"
      },
      "peerDependencies": {
        "@egjs/hammerjs": "^2.0.0",
        "component-emitter": "^1.3.0",
        "keycharm": "^0.2.0 || ^0.3.0 || ^0.4.0",
        "timsort": "^0.3.0",
        "uuid": "^3.4.0 || ^7.0.0 || ^8.0.0",
        "vis-data": "^7.0.0",
        "vis-util": "^5.0.1"
      }
    },
    "node_modules/vis-util": {
      "version": "5.0.3",
      "resolved": "https://registry.npmjs.org/vis-util/-/vis-util-5.0.3.tgz",
      "integrity": "sha512-Wf9STUcFrDzK4/Zr7B6epW2Kvm3ORNWF+WiwEz2dpf5RdWkLUXFSbLcuB88n1W6tCdFwVN+v3V4/Xmn9PeL39g==",
      "peer": true,
      "engines": {
        "node": ">=8"
      },
      "funding": {
        "type": "opencollective",
        "url": "https://opencollective.com/visjs"
      },
      "peerDependencies": {
        "@egjs/hammerjs": "^2.0.0",
        "component-emitter": "^1.3.0"
      }
    },
    "node_modules/wordwrap": {
      "version": "1.0.0",
      "resolved": "https://registry.npmjs.org/wordwrap/-/wordwrap-1.0.0.tgz",
      "integrity": "sha1-J1hIEIkUVqQXHI0CJkQa3pDLyus="
    }
  },
  "dependencies": {
    "@egjs/hammerjs": {
      "version": "2.0.17",
      "resolved": "https://registry.npmjs.org/@egjs/hammerjs/-/hammerjs-2.0.17.tgz",
      "integrity": "sha512-XQsZgjm2EcVUiZQf11UBJQfmZeEmOW8DpI1gsFeln6w0ae0ii4dMQEQ0kjl6DspdWX1aGY1/loyXnP0JS06e/A==",
      "peer": true,
      "requires": {
        "@types/hammerjs": "^2.0.36"
      }
    },
    "@types/hammerjs": {
      "version": "2.0.41",
      "resolved": "https://registry.npmjs.org/@types/hammerjs/-/hammerjs-2.0.41.tgz",
      "integrity": "sha512-ewXv/ceBaJprikMcxCmWU1FKyMAQ2X7a9Gtmzw8fcg2kIePI1crERDM818W+XYrxqdBBOdlf2rm137bU+BltCA==",
      "peer": true
    },
    "babel-root-import": {
      "version": "4.1.8",
      "resolved": "https://registry.npmjs.org/babel-root-import/-/babel-root-import-4.1.8.tgz",
      "integrity": "sha1-E1u4OYbVfW91upt3crMWM+Ivvaw=",
      "dev": true,
      "requires": {
        "slash": "^1.0.0"
      }
    },
    "component-emitter": {
      "version": "1.3.0",
      "resolved": "https://registry.npmjs.org/component-emitter/-/component-emitter-1.3.0.tgz",
      "integrity": "sha512-Rd3se6QB+sO1TwqZjscQrurpEPIfO0/yYnSin6Q/rD3mOutHvUrCAhJub3r90uNb+SESBuE0QYoB90YdfatsRg==",
      "peer": true
    },
    "handlebars": {
      "version": "4.7.7",
      "resolved": "https://registry.npmjs.org/handlebars/-/handlebars-4.7.7.tgz",
      "integrity": "sha512-aAcXm5OAfE/8IXkcZvCepKU3VzW1/39Fb5ZuqMtgI/hT8X2YgoMvBY5dLhq/cpOvw7Lk1nK/UF71aLG/ZnVYRA==",
      "requires": {
        "minimist": "^1.2.5",
        "neo-async": "^2.6.0",
        "source-map": "^0.6.1",
        "uglify-js": "^3.1.4",
        "wordwrap": "^1.0.0"
      }
    },
    "keycharm": {
      "version": "0.4.0",
      "resolved": "https://registry.npmjs.org/keycharm/-/keycharm-0.4.0.tgz",
      "integrity": "sha512-TyQTtsabOVv3MeOpR92sIKk/br9wxS+zGj4BG7CR8YbK4jM3tyIBaF0zhzeBUMx36/Q/iQLOKKOT+3jOQtemRQ==",
      "peer": true
    },
    "minimist": {
      "version": "1.2.6",
      "resolved": "https://registry.npmjs.org/minimist/-/minimist-1.2.6.tgz",
      "integrity": "sha512-Jsjnk4bw3YJqYzbdyBiNsPWHPfO++UGG749Cxs6peCu5Xg4nrena6OVxOYxrQTqww0Jmwt+Ref8rggumkTLz9Q=="
    },
    "neo-async": {
      "version": "2.6.2",
      "resolved": "https://registry.npmjs.org/neo-async/-/neo-async-2.6.2.tgz",
      "integrity": "sha512-Yd3UES5mWCSqR+qNT93S3UoYUkqAZ9lLg8a7g9rimsWmYGK8cVToA4/sF3RrshdyV3sAGMXVUmpMYOw+dLpOuw=="
    },
    "slash": {
      "version": "1.0.0",
      "resolved": "https://registry.npmjs.org/slash/-/slash-1.0.0.tgz",
      "integrity": "sha1-xB8vbDn8FtHNF61LXYlhFK5HDVU=",
      "dev": true
    },
    "source-map": {
      "version": "0.6.1",
      "resolved": "https://registry.npmjs.org/source-map/-/source-map-0.6.1.tgz",
      "integrity": "sha512-UjgapumWlbMhkBgzT7Ykc5YXUT46F0iKu8SGXq0bcwP5dz/h0Plj6enJqjz1Zbq2l5WaqYnrVbwWOWMyF3F47g=="
    },
    "timsort": {
      "version": "0.3.0",
      "resolved": "https://registry.npmjs.org/timsort/-/timsort-0.3.0.tgz",
      "integrity": "sha1-QFQRqOfmM5/mTbmiNN4R3DHgK9Q=",
      "peer": true
    },
    "typescript": {
      "version": "4.6.3",
      "resolved": "https://registry.npmjs.org/typescript/-/typescript-4.6.3.tgz",
      "integrity": "sha512-yNIatDa5iaofVozS/uQJEl3JRWLKKGJKh6Yaiv0GLGSuhpFJe7P3SbHZ8/yjAHRQwKRoA6YZqlfjXWmVzoVSMw==",
      "dev": true
    },
    "uglify-js": {
      "version": "3.15.4",
      "resolved": "https://registry.npmjs.org/uglify-js/-/uglify-js-3.15.4.tgz",
      "integrity": "sha512-vMOPGDuvXecPs34V74qDKk4iJ/SN4vL3Ow/23ixafENYvtrNvtbcgUeugTcUGRGsOF/5fU8/NYSL5Hyb3l1OJA==",
      "optional": true
    },
    "uuid": {
      "version": "8.3.2",
      "resolved": "https://registry.npmjs.org/uuid/-/uuid-8.3.2.tgz",
      "integrity": "sha512-+NYs2QeMWy+GWFOEm9xnn6HCDp0l7QBD7ml8zLUmJ+93Q5NF0NocErnwkTkXVFNiX3/fpC6afS8Dhb/gz7R7eg==",
      "peer": true
    },
    "vis-data": {
      "version": "7.1.4",
      "resolved": "https://registry.npmjs.org/vis-data/-/vis-data-7.1.4.tgz",
      "integrity": "sha512-usy+ePX1XnArNvJ5BavQod7YRuGQE1pjFl+pu7IS6rCom2EBoG0o1ZzCqf3l5US6MW51kYkLR+efxRbnjxNl7w==",
      "peer": true,
      "requires": {}
    },
    "vis-network": {
      "version": "9.1.2",
      "resolved": "https://registry.npmjs.org/vis-network/-/vis-network-9.1.2.tgz",
      "integrity": "sha512-BdapguKg7sk3NvdZaDsM7T6rNhOBFz0/F4ZScxctK4klRzQPLQPTEcmbioXaZhMkkgWymzBR3lFCxL1q+eYyAw==",
      "requires": {}
    },
    "vis-util": {
      "version": "5.0.3",
      "resolved": "https://registry.npmjs.org/vis-util/-/vis-util-5.0.3.tgz",
      "integrity": "sha512-Wf9STUcFrDzK4/Zr7B6epW2Kvm3ORNWF+WiwEz2dpf5RdWkLUXFSbLcuB88n1W6tCdFwVN+v3V4/Xmn9PeL39g==",
      "peer": true,
      "requires": {}
    },
    "wordwrap": {
      "version": "1.0.0",
      "resolved": "https://registry.npmjs.org/wordwrap/-/wordwrap-1.0.0.tgz",
      "integrity": "sha1-J1hIEIkUVqQXHI0CJkQa3pDLyus="
    }
  }
}
